
Microsoft Visual Studio Solution File, Format Version 12.00
# Visual Studio Version 16
VisualStudioVersion = 16.0.31702.278
MinimumVisualStudioVersion = 10.0.40219.1
Project("{FAE04EC0-301F-11D3-BF4B-00C04F79EFBC}") = "WindowsFormsAppTestSaveLoad", "WindowsFormsAppTestSaveLoad\WindowsFormsAppTestSaveLoad.csproj", "{45EEDE0D-E237-4001-AE18-FEC83662E4E0}"
EndProject
Global
	GlobalSection(SolutionConfigurationPlatforms) = preSolution
		Debug|Any CPU = Debug|Any CPU
		Release|Any CPU = Release|Any CPU
	EndGlobalSection
	GlobalSection(ProjectConfigurationPlatforms) = postSolution
		{45EEDE0D-E237-4001-AE18-FEC83662E4E0}.Debug|Any CPU.ActiveCfg = Debug|Any CPU
		{45EEDE0D-E237-4001-AE18-FEC83662E4E0}.Debug|Any CPU.Build.0 = Debug|Any CPU
		{45EEDE0D-E237-4001-AE18-FEC83662E4E0}.Release|Any CPU.ActiveCfg = Release|Any CPU
		{45EEDE0D-E237-4001-AE18-FEC83662E4E0}.Release|Any CPU.Build.0 = Release|Any CPU
	EndGlobalSection
	GlobalSection(SolutionProperties) = preSolution
		HideSolutionNode = FALSE
	EndGlobalSection
	GlobalSection(ExtensibilityGlobals) = postSolution
		SolutionGuid = {4D997DD7-EE38-4718-98CF-97E3ECD684F1}
	EndGlobalSection
EndGlobal
